
Microsoft Visual Studio Solution File, Format Version 12.00
# Visual Studio 14
VisualStudioVersion = 14.0.25420.1
MinimumVisualStudioVersion = 10.0.40219.1
Project("{FAE04EC0-301F-11D3-BF4B-00C04F79EFBC}") = "DymeFluentAdapter", "src\DymeFluentAdapter\DymeFluentAdapter.csproj", "{37E4828F-0475-41E7-ADA3-154E25BE068E}"
EndProject
Project("{FAE04EC0-301F-11D3-BF4B-00C04F79EFBC}") = "DymeInferenceEngine", "src\DymeInferenceEngine\DymeInferenceEngine.csproj", "{1E70ECCA-8E28-464A-A109-092618B7BAF2}"
EndProject
Project("{FAE04EC0-301F-11D3-BF4B-00C04F79EFBC}") = "DymeRuleEngine", "src\DymeRuleEngine\DymeRuleEngine.csproj", "{D8F3E2DA-4731-4165-BA14-1A965DD52739}"
EndProject
Project("{FAE04EC0-301F-11D3-BF4B-00C04F79EFBC}") = "EasyRuleDymeRule", "src\EasyRuleDymeRule\EasyRuleDymeRule.csproj", "{A8799513-5677-48C4-B25D-E9AF3A97E109}"
EndProject
Project("{FAE04EC0-301F-11D3-BF4B-00C04F79EFBC}") = "JsonEasyRule", "src\JsonEasyRule\JsonEasyRule.csproj", "{693CB165-C637-4A98-A617-41D8C1866405}"
EndProject
Project("{FAE04EC0-301F-11D3-BF4B-00C04F79EFBC}") = "SampleConfigChecker", "samples\SampleConfigChecker\SampleConfigChecker.csproj", "{A896D50F-226C-4F75-BD56-6C064057D535}"
EndProject
Project("{FAE04EC0-301F-11D3-BF4B-00C04F79EFBC}") = "SampleInference", "samples\SampleInference\SampleInference.csproj", "{74D13798-C3B4-4EC6-ABE8-9C43C0F68E22}"
EndProject
Project("{2150E333-8FDC-42A3-9474-1A3956D46DE8}") = "src", "src", "{1BB88725-F2AB-4482-A591-B19551A3B0C3}"
EndProject
Project("{2150E333-8FDC-42A3-9474-1A3956D46DE8}") = "samples", "samples", "{422EDA03-B6D9-4F94-ABA4-BF83D0A49D7F}"
EndProject
Project("{2150E333-8FDC-42A3-9474-1A3956D46DE8}") = "tests", "tests", "{F332DE96-DE39-4A3F-8E50-55B13368D725}"
EndProject
Project("{FAE04EC0-301F-11D3-BF4B-00C04F79EFBC}") = "DymeRuleEngine.Tests", "tests\DymeRuleEngine.Tests\DymeRuleEngine.Tests.csproj", "{9339AA4A-B841-44F9-ACB7-9F0474A9CF40}"
EndProject
Project("{FAE04EC0-301F-11D3-BF4B-00C04F79EFBC}") = "DymeInferenceEngine.Tests", "tests\DymeInferenceEngine.Tests\DymeInferenceEngine.Tests.csproj", "{6D8CF43E-2D91-4839-B2F4-9999EA703E89}"
EndProject
Project("{FAE04EC0-301F-11D3-BF4B-00C04F79EFBC}") = "EasyRuleDymeRule.Tests", "tests\EasyRuleDymeRule.Tests\EasyRuleDymeRule.Tests.csproj", "{ACC8053C-183C-4187-820A-00A807AE19FC}"
EndProject
Project("{FAE04EC0-301F-11D3-BF4B-00C04F79EFBC}") = "JsonEasyRule.Tests", "tests\JsonEasyRule.Tests\JsonEasyRule.Tests.csproj", "{F214C40A-B8DA-44AB-8046-25B02829AA41}"
EndProject
Global
	GlobalSection(SolutionConfigurationPlatforms) = preSolution
		Debug|Any CPU = Debug|Any CPU
		Release|Any CPU = Release|Any CPU
	EndGlobalSection
	GlobalSection(ProjectConfigurationPlatforms) = postSolution
		{37E4828F-0475-41E7-ADA3-154E25BE068E}.Debug|Any CPU.ActiveCfg = Debug|Any CPU
		{37E4828F-0475-41E7-ADA3-154E25BE068E}.Debug|Any CPU.Build.0 = Debug|Any CPU
		{37E4828F-0475-41E7-ADA3-154E25BE068E}.Release|Any CPU.ActiveCfg = Release|Any CPU
		{37E4828F-0475-41E7-ADA3-154E25BE068E}.Release|Any CPU.Build.0 = Release|Any CPU
		{1E70ECCA-8E28-464A-A109-092618B7BAF2}.Debug|Any CPU.ActiveCfg = Debug|Any CPU
		{1E70ECCA-8E28-464A-A109-092618B7BAF2}.Debug|Any CPU.Build.0 = Debug|Any CPU
		{1E70ECCA-8E28-464A-A109-092618B7BAF2}.Release|Any CPU.ActiveCfg = Release|Any CPU
		{1E70ECCA-8E28-464A-A109-092618B7BAF2}.Release|Any CPU.Build.0 = Release|Any CPU
		{D8F3E2DA-4731-4165-BA14-1A965DD52739}.Debug|Any CPU.ActiveCfg = Debug|Any CPU
		{D8F3E2DA-4731-4165-BA14-1A965DD52739}.Debug|Any CPU.Build.0 = Debug|Any CPU
		{D8F3E2DA-4731-4165-BA14-1A965DD52739}.Release|Any CPU.ActiveCfg = Release|Any CPU
		{D8F3E2DA-4731-4165-BA14-1A965DD52739}.Release|Any CPU.Build.0 = Release|Any CPU
		{A8799513-5677-48C4-B25D-E9AF3A97E109}.Debug|Any CPU.ActiveCfg = Debug|Any CPU
		{A8799513-5677-48C4-B25D-E9AF3A97E109}.Debug|Any CPU.Build.0 = Debug|Any CPU
		{A8799513-5677-48C4-B25D-E9AF3A97E109}.Release|Any CPU.ActiveCfg = Release|Any CPU
		{A8799513-5677-48C4-B25D-E9AF3A97E109}.Release|Any CPU.Build.0 = Release|Any CPU
		{693CB165-C637-4A98-A617-41D8C1866405}.Debug|Any CPU.ActiveCfg = Debug|Any CPU
		{693CB165-C637-4A98-A617-41D8C1866405}.Debug|Any CPU.Build.0 = Debug|Any CPU
		{693CB165-C637-4A98-A617-41D8C1866405}.Release|Any CPU.ActiveCfg = Release|Any CPU
		{693CB165-C637-4A98-A617-41D8C1866405}.Release|Any CPU.Build.0 = Release|Any CPU
		{A896D50F-226C-4F75-BD56-6C064057D535}.Debug|Any CPU.ActiveCfg = Debug|Any CPU
		{A896D50F-226C-4F75-BD56-6C064057D535}.Debug|Any CPU.Build.0 = Debug|Any CPU
		{A896D50F-226C-4F75-BD56-6C064057D535}.Release|Any CPU.ActiveCfg = Release|Any CPU
		{A896D50F-226C-4F75-BD56-6C064057D535}.Release|Any CPU.Build.0 = Release|Any CPU
		{74D13798-C3B4-4EC6-ABE8-9C43C0F68E22}.Debug|Any CPU.ActiveCfg = Debug|Any CPU
		{74D13798-C3B4-4EC6-ABE8-9C43C0F68E22}.Debug|Any CPU.Build.0 = Debug|Any CPU
		{74D13798-C3B4-4EC6-ABE8-9C43C0F68E22}.Release|Any CPU.ActiveCfg = Release|Any CPU
		{74D13798-C3B4-4EC6-ABE8-9C43C0F68E22}.Release|Any CPU.Build.0 = Release|Any CPU
		{9339AA4A-B841-44F9-ACB7-9F0474A9CF40}.Debug|Any CPU.ActiveCfg = Debug|Any CPU
		{9339AA4A-B841-44F9-ACB7-9F0474A9CF40}.Debug|Any CPU.Build.0 = Debug|Any CPU
		{9339AA4A-B841-44F9-ACB7-9F0474A9CF40}.Release|Any CPU.ActiveCfg = Release|Any CPU
		{9339AA4A-B841-44F9-ACB7-9F0474A9CF40}.Release|Any CPU.Build.0 = Release|Any CPU
		{6D8CF43E-2D91-4839-B2F4-9999EA703E89}.Debug|Any CPU.ActiveCfg = Debug|Any CPU
		{6D8CF43E-2D91-4839-B2F4-9999EA703E89}.Debug|Any CPU.Build.0 = Debug|Any CPU
		{6D8CF43E-2D91-4839-B2F4-9999EA703E89}.Release|Any CPU.ActiveCfg = Release|Any CPU
		{6D8CF43E-2D91-4839-B2F4-9999EA703E89}.Release|Any CPU.Build.0 = Release|Any CPU
		{ACC8053C-183C-4187-820A-00A807AE19FC}.Debug|Any CPU.ActiveCfg = Debug|Any CPU
		{ACC8053C-183C-4187-820A-00A807AE19FC}.Debug|Any CPU.Build.0 = Debug|Any CPU
		{ACC8053C-183C-4187-820A-00A807AE19FC}.Release|Any CPU.ActiveCfg = Release|Any CPU
		{ACC8053C-183C-4187-820A-00A807AE19FC}.Release|Any CPU.Build.0 = Release|Any CPU
		{F214C40A-B8DA-44AB-8046-25B02829AA41}.Debug|Any CPU.ActiveCfg = Debug|Any CPU
		{F214C40A-B8DA-44AB-8046-25B02829AA41}.Debug|Any CPU.Build.0 = Debug|Any CPU
		{F214C40A-B8DA-44AB-8046-25B02829AA41}.Release|Any CPU.ActiveCfg = Release|Any CPU
		{F214C40A-B8DA-44AB-8046-25B02829AA41}.Release|Any CPU.Build.0 = Release|Any CPU
	EndGlobalSection
	GlobalSection(SolutionProperties) = preSolution
		HideSolutionNode = FALSE
	EndGlobalSection
	GlobalSection(NestedProjects) = preSolution
		{37E4828F-0475-41E7-ADA3-154E25BE068E} = {1BB88725-F2AB-4482-A591-B19551A3B0C3}
		{1E70ECCA-8E28-464A-A109-092618B7BAF2} = {1BB88725-F2AB-4482-A591-B19551A3B0C3}
		{D8F3E2DA-4731-4165-BA14-1A965DD52739} = {1BB88725-F2AB-4482-A591-B19551A3B0C3}
		{A8799513-5677-48C4-B25D-E9AF3A97E109} = {1BB88725-F2AB-4482-A591-B19551A3B0C3}
		{693CB165-C637-4A98-A617-41D8C1866405} = {1BB88725-F2AB-4482-A591-B19551A3B0C3}
		{A896D50F-226C-4F75-BD56-6C064057D535} = {422EDA03-B6D9-4F94-ABA4-BF83D0A49D7F}
		{74D13798-C3B4-4EC6-ABE8-9C43C0F68E22} = {422EDA03-B6D9-4F94-ABA4-BF83D0A49D7F}
		{9339AA4A-B841-44F9-ACB7-9F0474A9CF40} = {F332DE96-DE39-4A3F-8E50-55B13368D725}
		{6D8CF43E-2D91-4839-B2F4-9999EA703E89} = {F332DE96-DE39-4A3F-8E50-55B13368D725}
		{ACC8053C-183C-4187-820A-00A807AE19FC} = {F332DE96-DE39-4A3F-8E50-55B13368D725}
		{F214C40A-B8DA-44AB-8046-25B02829AA41} = {F332DE96-DE39-4A3F-8E50-55B13368D725}
	EndGlobalSection
EndGlobal
